schema: '2.0'
stages:
  prepare:
    cmd: python3 src/prepare.py
    deps:
    - path: data/raw
      hash: md5
      md5: a10ba72c4865de17bf60c021b3d06ddc.dir
      size: 106563536
      nfiles: 13399
    - path: src/prepare.py
      hash: md5
      md5: ef804f358e00edcfe52c865b471f8f55
      size: 1231
    outs:
    - path: data/prepared/test.csv
      hash: md5
      md5: b85d759187edde50d5db2582dc33e146
      size: 107785
    - path: data/prepared/train.csv
      hash: md5
      md5: b968bb9630f7edfad3dfa98a4200daa9
      size: 265966
  train:
    cmd: python3 src/train.py
    deps:
    - path: data/prepared/train.csv
      hash: md5
      md5: b968bb9630f7edfad3dfa98a4200daa9
      size: 265966
    - path: src/train.py
      hash: md5
      md5: 8afd0b487365179d1b8bcca7e57a64cd
      size: 1324
    outs:
    - path: model/model.joblib
      hash: md5
      md5: f8139ab64587b6f1e835927de5bc37ea
      size: 241148
  evaluate:
    cmd: python3 src/evaluate.py
    deps:
    - path: model/model.joblib
      hash: md5
      md5: f8139ab64587b6f1e835927de5bc37ea
      size: 241148
    - path: src/evaluate.py
      hash: md5
      md5: b197277667d6269271fff4ae4af8a941
      size: 645
    outs:
    - path: metrics/accuracy.json
      hash: md5
      md5: 4ea94a6ad52ff19f61dc2fa677279bd5
      size: 32
